
Microsoft Visual Studio Solution File, Format Version 12.00
# Visual Studio Version 16
VisualStudioVersion = 16.0.29519.181
MinimumVisualStudioVersion = 10.0.40219.1
Project("{9A19103F-16F7-4668-BE54-9A1E7A4F7556}") = "FigureArea", "FigureArea\FigureArea.csproj", "{E0AA6B44-EF06-4BF2-8EBD-FA15B0F22E88}"
EndProject
Project("{FAE04EC0-301F-11D3-BF4B-00C04F79EFBC}") = "FigureArea.Tests", "FigureArea.Tests\FigureArea.Tests.csproj", "{29929EF1-1943-42AB-81BA-955C706E3CB4}"
EndProject
Global
	GlobalSection(SolutionConfigurationPlatforms) = preSolution
		Debug|Any CPU = Debug|Any CPU
		Release|Any CPU = Release|Any CPU
	EndGlobalSection
	GlobalSection(ProjectConfigurationPlatforms) = postSolution
		{E0AA6B44-EF06-4BF2-8EBD-FA15B0F22E88}.Debug|Any CPU.ActiveCfg = Debug|Any CPU
		{E0AA6B44-EF06-4BF2-8EBD-FA15B0F22E88}.Debug|Any CPU.Build.0 = Debug|Any CPU
		{E0AA6B44-EF06-4BF2-8EBD-FA15B0F22E88}.Release|Any CPU.ActiveCfg = Release|Any CPU
		{E0AA6B44-EF06-4BF2-8EBD-FA15B0F22E88}.Release|Any CPU.Build.0 = Release|Any CPU
		{29929EF1-1943-42AB-81BA-955C706E3CB4}.Debug|Any CPU.ActiveCfg = Debug|Any CPU
		{29929EF1-1943-42AB-81BA-955C706E3CB4}.Debug|Any CPU.Build.0 = Debug|Any CPU
		{29929EF1-1943-42AB-81BA-955C706E3CB4}.Release|Any CPU.ActiveCfg = Release|Any CPU
		{29929EF1-1943-42AB-81BA-955C706E3CB4}.Release|Any CPU.Build.0 = Release|Any CPU
	EndGlobalSection
	GlobalSection(SolutionProperties) = preSolution
		HideSolutionNode = FALSE
	EndGlobalSection
	GlobalSection(ExtensibilityGlobals) = postSolution
		SolutionGuid = {30D052A0-7ED4-4953-969D-F45C7DE73A58}
	EndGlobalSection
EndGlobal
